
Microsoft Visual Studio Solution File, Format Version 12.00
# Visual Studio 15
VisualStudioVersion = 15.0.28307.271
MinimumVisualStudioVersion = 10.0.40219.1
Project("{9A19103F-16F7-4668-BE54-9A1E7A4F7556}") = "Web.Host.Service", "Web.Host.Service\Web.Host.Service.csproj", "{BFA1D4BC-87C4-4B0B-BADF-B348DB981DCC}"
EndProject
Project("{2150E333-8FDC-42A3-9474-1A3956D46DE8}") = "common", "common", "{14419A35-3CE5-4E49-97C6-8DDE4F6E06DB}"
EndProject
Project("{9A19103F-16F7-4668-BE54-9A1E7A4F7556}") = "MsSqlDatabase", "common\MsSqlDatabase\MsSqlDatabase.csproj", "{DF25E04D-DD8A-4A18-96BC-3626679F0C05}"
EndProject
Project("{9A19103F-16F7-4668-BE54-9A1E7A4F7556}") = "Parsers.Source", "common\Parsers.Source\Parsers.Source.csproj", "{0EAAE8E1-3AC6-4637-A0B3-41A5051812CC}"
EndProject
Project("{9A19103F-16F7-4668-BE54-9A1E7A4F7556}") = "HttpRequest.Core", "common\HttpRequest.Core\HttpRequest.Core.csproj", "{DC1160AF-C4BE-43F5-A366-DB07520CF23A}"
EndProject
Project("{9A19103F-16F7-4668-BE54-9A1E7A4F7556}") = "Cqrs", "common\Cqrs\Cqrs.csproj", "{D970EC32-B887-4D65-A817-36A22CC62B72}"
EndProject
Project("{E53339B2-1760-4266-BCC7-CA923CBCF16C}") = "docker-compose", "Docker.Orchestration.Dev\docker-compose.dcproj", "{6228B19D-3D1D-4DC6-BC93-4928BC30B351}"
EndProject
Project("{2150E333-8FDC-42A3-9474-1A3956D46DE8}") = "Docker.Orchestration.Dev", "Docker.Orchestration.Dev", "{A79A2901-9F5E-407B-BA19-A8242B732537}"
EndProject
Global
	GlobalSection(SolutionConfigurationPlatforms) = preSolution
		Debug|Any CPU = Debug|Any CPU
		Release|Any CPU = Release|Any CPU
	EndGlobalSection
	GlobalSection(ProjectConfigurationPlatforms) = postSolution
		{BFA1D4BC-87C4-4B0B-BADF-B348DB981DCC}.Debug|Any CPU.ActiveCfg = Debug|Any CPU
		{BFA1D4BC-87C4-4B0B-BADF-B348DB981DCC}.Debug|Any CPU.Build.0 = Debug|Any CPU
		{BFA1D4BC-87C4-4B0B-BADF-B348DB981DCC}.Release|Any CPU.ActiveCfg = Release|Any CPU
		{BFA1D4BC-87C4-4B0B-BADF-B348DB981DCC}.Release|Any CPU.Build.0 = Release|Any CPU
		{DF25E04D-DD8A-4A18-96BC-3626679F0C05}.Debug|Any CPU.ActiveCfg = Debug|Any CPU
		{DF25E04D-DD8A-4A18-96BC-3626679F0C05}.Debug|Any CPU.Build.0 = Debug|Any CPU
		{DF25E04D-DD8A-4A18-96BC-3626679F0C05}.Release|Any CPU.ActiveCfg = Release|Any CPU
		{DF25E04D-DD8A-4A18-96BC-3626679F0C05}.Release|Any CPU.Build.0 = Release|Any CPU
		{0EAAE8E1-3AC6-4637-A0B3-41A5051812CC}.Debug|Any CPU.ActiveCfg = Debug|Any CPU
		{0EAAE8E1-3AC6-4637-A0B3-41A5051812CC}.Debug|Any CPU.Build.0 = Debug|Any CPU
		{0EAAE8E1-3AC6-4637-A0B3-41A5051812CC}.Release|Any CPU.ActiveCfg = Release|Any CPU
		{0EAAE8E1-3AC6-4637-A0B3-41A5051812CC}.Release|Any CPU.Build.0 = Release|Any CPU
		{DC1160AF-C4BE-43F5-A366-DB07520CF23A}.Debug|Any CPU.ActiveCfg = Debug|Any CPU
		{DC1160AF-C4BE-43F5-A366-DB07520CF23A}.Debug|Any CPU.Build.0 = Debug|Any CPU
		{DC1160AF-C4BE-43F5-A366-DB07520CF23A}.Release|Any CPU.ActiveCfg = Release|Any CPU
		{DC1160AF-C4BE-43F5-A366-DB07520CF23A}.Release|Any CPU.Build.0 = Release|Any CPU
		{D970EC32-B887-4D65-A817-36A22CC62B72}.Debug|Any CPU.ActiveCfg = Debug|Any CPU
		{D970EC32-B887-4D65-A817-36A22CC62B72}.Debug|Any CPU.Build.0 = Debug|Any CPU
		{D970EC32-B887-4D65-A817-36A22CC62B72}.Release|Any CPU.ActiveCfg = Release|Any CPU
		{D970EC32-B887-4D65-A817-36A22CC62B72}.Release|Any CPU.Build.0 = Release|Any CPU
		{6228B19D-3D1D-4DC6-BC93-4928BC30B351}.Debug|Any CPU.ActiveCfg = Debug|Any CPU
		{6228B19D-3D1D-4DC6-BC93-4928BC30B351}.Debug|Any CPU.Build.0 = Debug|Any CPU
		{6228B19D-3D1D-4DC6-BC93-4928BC30B351}.Release|Any CPU.ActiveCfg = Release|Any CPU
		{6228B19D-3D1D-4DC6-BC93-4928BC30B351}.Release|Any CPU.Build.0 = Release|Any CPU
	EndGlobalSection
	GlobalSection(SolutionProperties) = preSolution
		HideSolutionNode = FALSE
	EndGlobalSection
	GlobalSection(NestedProjects) = preSolution
		{DF25E04D-DD8A-4A18-96BC-3626679F0C05} = {14419A35-3CE5-4E49-97C6-8DDE4F6E06DB}
		{0EAAE8E1-3AC6-4637-A0B3-41A5051812CC} = {14419A35-3CE5-4E49-97C6-8DDE4F6E06DB}
		{DC1160AF-C4BE-43F5-A366-DB07520CF23A} = {14419A35-3CE5-4E49-97C6-8DDE4F6E06DB}
		{D970EC32-B887-4D65-A817-36A22CC62B72} = {14419A35-3CE5-4E49-97C6-8DDE4F6E06DB}
		{6228B19D-3D1D-4DC6-BC93-4928BC30B351} = {A79A2901-9F5E-407B-BA19-A8242B732537}
	EndGlobalSection
	GlobalSection(ExtensibilityGlobals) = postSolution
		SolutionGuid = {F1A4A339-2D11-45DF-9CF8-F4CB59D1B270}
	EndGlobalSection
EndGlobal
